
Microsoft Visual Studio Solution File, Format Version 12.00
# Visual Studio 15
VisualStudioVersion = 15.0.28307.1169
MinimumVisualStudioVersion = 10.0.40219.1
Project("{FAE04EC0-301F-11D3-BF4B-00C04F79EFBC}") = "MyWpfHugeProgressJob", "MyWpfHugeProgressJob\MyWpfHugeProgressJob.csproj", "{A9FF3D75-343D-405C-A8E5-5884E5E88397}"
EndProject
Global
	GlobalSection(SolutionConfigurationPlatforms) = preSolution
		Debug|Any CPU = Debug|Any CPU
		Release|Any CPU = Release|Any CPU
	EndGlobalSection
	GlobalSection(ProjectConfigurationPlatforms) = postSolution
		{A9FF3D75-343D-405C-A8E5-5884E5E88397}.Debug|Any CPU.ActiveCfg = Debug|Any CPU
		{A9FF3D75-343D-405C-A8E5-5884E5E88397}.Debug|Any CPU.Build.0 = Debug|Any CPU
		{A9FF3D75-343D-405C-A8E5-5884E5E88397}.Release|Any CPU.ActiveCfg = Release|Any CPU
		{A9FF3D75-343D-405C-A8E5-5884E5E88397}.Release|Any CPU.Build.0 = Release|Any CPU
	EndGlobalSection
	GlobalSection(SolutionProperties) = preSolution
		HideSolutionNode = FALSE
	EndGlobalSection
	GlobalSection(ExtensibilityGlobals) = postSolution
		SolutionGuid = {5828684C-29BD-4C89-88B8-BC77D170F9F0}
	EndGlobalSection
EndGlobal
